
Microsoft Visual Studio Solution File, Format Version 12.00
# Visual Studio 2013
VisualStudioVersion = 12.0.21005.1
MinimumVisualStudioVersion = 10.0.40219.1
Project("{FAE04EC0-301F-11D3-BF4B-00C04F79EFBC}") = "Patterns", "Patterns\Patterns.csproj", "{7E2AEEBA-5E08-41CB-878C-391536E62C2B}"
EndProject
Project("{FAE04EC0-301F-11D3-BF4B-00C04F79EFBC}") = "Patterns.Contract", "Patterns.Contract\Patterns.Contract.csproj", "{495AB146-46D5-45A4-8D39-9AF8716ED552}"
EndProject
Global
	GlobalSection(SolutionConfigurationPlatforms) = preSolution
		Debug|Any CPU = Debug|Any CPU
		Release|Any CPU = Release|Any CPU
	EndGlobalSection
	GlobalSection(ProjectConfigurationPlatforms) = postSolution
		{7E2AEEBA-5E08-41CB-878C-391536E62C2B}.Debug|Any CPU.ActiveCfg = Debug|Any CPU
		{7E2AEEBA-5E08-41CB-878C-391536E62C2B}.Debug|Any CPU.Build.0 = Debug|Any CPU
		{7E2AEEBA-5E08-41CB-878C-391536E62C2B}.Release|Any CPU.ActiveCfg = Release|Any CPU
		{7E2AEEBA-5E08-41CB-878C-391536E62C2B}.Release|Any CPU.Build.0 = Release|Any CPU
		{495AB146-46D5-45A4-8D39-9AF8716ED552}.Debug|Any CPU.ActiveCfg = Debug|Any CPU
		{495AB146-46D5-45A4-8D39-9AF8716ED552}.Debug|Any CPU.Build.0 = Debug|Any CPU
		{495AB146-46D5-45A4-8D39-9AF8716ED552}.Release|Any CPU.ActiveCfg = Release|Any CPU
		{495AB146-46D5-45A4-8D39-9AF8716ED552}.Release|Any CPU.Build.0 = Release|Any CPU
	EndGlobalSection
	GlobalSection(SolutionProperties) = preSolution
		HideSolutionNode = FALSE
	EndGlobalSection
EndGlobal
